// !$*UTF8*$!
{
	archiveVersion = 1;
	classes = {
	};
	objectVersion = 46;
	objects = {

/* Begin PBXBuildFile section */
		85F3A9A4193CFBBE00559310 /* Foundation.framework in Frameworks */ = {isa = PBXBuildFile; fileRef = 85F3A9A3193CFBBE00559310 /* Foundation.framework */; };
		85F3A9A6193CFBBE00559310 /* CoreGraphics.framework in Frameworks */ = {isa = PBXBuildFile; fileRef = 85F3A9A5193CFBBE00559310 /* CoreGraphics.framework */; };
		85F3A9A8193CFBBE00559310 /* UIKit.framework in Frameworks */ = {isa = PBXBuildFile; fileRef = 85F3A9A7193CFBBE00559310 /* UIKit.framework */; };
		85F3A9AE193CFBBE00559310 /* InfoPlist.strings in Resources */ = {isa = PBXBuildFile; fileRef = 85F3A9AC193CFBBE00559310 /* InfoPlist.strings */; };
		85F3A9B0193CFBBE00559310 /* main.m in Sources */ = {isa = PBXBuildFile; fileRef = 85F3A9AF193CFBBE00559310 /* main.m */; };
		85F3A9B4193CFBBE00559310 /* AppDelegate.m in Sources */ = {isa = PBXBuildFile; fileRef = 85F3A9B3193CFBBE00559310 /* AppDelegate.m */; };
		85F3A9B7193CFBBE00559310 /* Main.storyboard in Resources */ = {isa = PBXBuildFile; fileRef = 85F3A9B5193CFBBE00559310 /* Main.storyboard */; };
		85F3A9BA193CFBBE00559310 /* ViewController.m in Sources */ = {isa = PBXBuildFile; fileRef = 85F3A9B9193CFBBE00559310 /* ViewController.m */; };
		85F3A9BC193CFBBE00559310 /* Images.xcassets in Resources */ = {isa = PBXBuildFile; fileRef = 85F3A9BB193CFBBE00559310 /* Images.xcassets */; };
		85F3A9C3193CFBBE00559310 /* XCTest.framework in Frameworks */ = {isa = PBXBuildFile; fileRef = 85F3A9C2193CFBBE00559310 /* XCTest.framework */; };
		85F3A9C4193CFBBF00559310 /* Foundation.framework in Frameworks */ = {isa = PBXBuildFile; fileRef = 85F3A9A3193CFBBE00559310 /* Foundation.framework */; };
		85F3A9C5193CFBBF00559310 /* UIKit.framework in Frameworks */ = {isa = PBXBuildFile; fileRef = 85F3A9A7193CFBBE00559310 /* UIKit.framework */; };
		85F3A9CD193CFBBF00559310 /* InfoPlist.strings in Resources */ = {isa = PBXBuildFile; fileRef = 85F3A9CB193CFBBF00559310 /* InfoPlist.strings */; };
		85F3A9CF193CFBBF00559310 /* PictureShareTests.m in Sources */ = {isa = PBXBuildFile; fileRef = 85F3A9CE193CFBBF00559310 /* PictureShareTests.m */; };
/* End PBXBuildFile section */

/* Begin PBXContainerItemProxy section */
		85F3A9C6193CFBBF00559310 /* PBXContainerItemProxy */ = {
			isa = PBXContainerItemProxy;
			containerPortal = 85F3A998193CFBBE00559310 /* Project object */;
			proxyType = 1;
			remoteGlobalIDString = 85F3A99F193CFBBE00559310;
			remoteInfo = PictureShare;
		};
/* End PBXContainerItemProxy section */

/* Begin PBXFileReference section */
		85F3A9A0193CFBBE00559310 /* PictureShare.app */ = {isa = PBXFileReference; explicitFileType = wrapper.application; includeInIndex = 0; path = PictureShare.app; sourceTree = BUILT_PRODUCTS_DIR; };
		85F3A9A3193CFBBE00559310 /* Foundation.framework */ = {isa = PBXFileReference; lastKnownFileType = wrapper.framework; name = Foundation.framework; path = System/Library/Frameworks/Foundation.framework; sourceTree = SDKROOT; };
		85F3A9A5193CFBBE00559310 /* CoreGraphics.framework */ = {isa = PBXFileReference; lastKnownFileType = wrapper.framework; name = CoreGraphics.framework; path = System/Library/Frameworks/CoreGraphics.framework; sourceTree = SDKROOT; };
		85F3A9A7193CFBBE00559310 /* UIKit.framework */ = {isa = PBXFileReference; lastKnownFileType = wrapper.framework; name = UIKit.framework; path = System/Library/Frameworks/UIKit.framework; sourceTree = SDKROOT; };
		85F3A9AB193CFBBE00559310 /* PictureShare-Info.plist */ = {isa = PBXFileReference; lastKnownFileType = text.plist.xml; path = "PictureShare-Info.plist"; sourceTree = "<group>"; };
		85F3A9AD193CFBBE00559310 /* en */ = {isa = PBXFileReference; lastKnownFileType = text.plist.strings; name = en; path = en.lproj/InfoPlist.strings; sourceTree = "<group>"; };
		85F3A9AF193CFBBE00559310 /* main.m */ = {isa = PBXFileReference; lastKnownFileType = sourcecode.c.objc; path = main.m; sourceTree = "<group>"; };
		85F3A9B1193CFBBE00559310 /* PictureShare-Prefix.pch */ = {isa = PBXFileReference; lastKnownFileType = sourcecode.c.h; path = "PictureShare-Prefix.pch"; sourceTree = "<group>"; };
		85F3A9B2193CFBBE00559310 /* AppDelegate.h */ = {isa = PBXFileReference; lastKnownFileType = sourcecode.c.h; path = AppDelegate.h; sourceTree = "<group>"; };
		85F3A9B3193CFBBE00559310 /* AppDelegate.m */ = {isa = PBXFileReference; lastKnownFileType = sourcecode.c.objc; path = AppDelegate.m; sourceTree = "<group>"; };
		85F3A9B6193CFBBE00559310 /* Base */ = {isa = PBXFileReference; lastKnownFileType = file.storyboard; name = Base; path = Base.lproj/Main.storyboard; sourceTree = "<group>"; };
		85F3A9B8193CFBBE00559310 /* ViewController.h */ = {isa = PBXFileReference; lastKnownFileType = sourcecode.c.h; path = ViewController.h; sourceTree = "<group>"; };
		85F3A9B9193CFBBE00559310 /* ViewController.m */ = {isa = PBXFileReference; lastKnownFileType = sourcecode.c.objc; path = ViewController.m; sourceTree = "<group>"; };
		85F3A9BB193CFBBE00559310 /* Images.xcassets */ = {isa = PBXFileReference; lastKnownFileType = folder.assetcatalog; path = Images.xcassets; sourceTree = "<group>"; };
		85F3A9C1193CFBBE00559310 /* PictureShareTests.xctest */ = {isa = PBXFileReference; explicitFileType = wrapper.cfbundle; includeInIndex = 0; path = PictureShareTests.xctest; sourceTree = BUILT_PRODUCTS_DIR; };
		85F3A9C2193CFBBE00559310 /* XCTest.framework */ = {isa = PBXFileReference; lastKnownFileType = wrapper.framework; name = XCTest.framework; path = Library/Frameworks/XCTest.framework; sourceTree = DEVELOPER_DIR; };
		85F3A9CA193CFBBF00559310 /* PictureShareTests-Info.plist */ = {isa = PBXFileReference; lastKnownFileType = text.plist.xml; path = "PictureShareTests-Info.plist"; sourceTree = "<group>"; };
		85F3A9CC193CFBBF00559310 /* en */ = {isa = PBXFileReference; lastKnownFileType = text.plist.strings; name = en; path = en.lproj/InfoPlist.strings; sourceTree = "<group>"; };
		85F3A9CE193CFBBF00559310 /* PictureShareTests.m */ = {isa = PBXFileReference; lastKnownFileType = sourcecode.c.objc; path = PictureShareTests.m; sourceTree = "<group>"; };
/* End PBXFileReference section */

/* Begin PBXFrameworksBuildPhase section */
		85F3A99D193CFBBE00559310 /* Frameworks */ = {
			isa = PBXFrameworksBuildPhase;
			buildActionMask = 2147483647;
			files = (
				85F3A9A6193CFBBE00559310 /* CoreGraphics.framework in Frameworks */,
				85F3A9A8193CFBBE00559310 /* UIKit.framework in Frameworks */,
				85F3A9A4193CFBBE00559310 /* Foundation.framework in Frameworks */,
			);
			runOnlyForDeploymentPostprocessing = 0;
		};
		85F3A9BE193CFBBE00559310 /* Frameworks */ = {
			isa = PBXFrameworksBuildPhase;
			buildActionMask = 2147483647;
			files = (
				85F3A9C3193CFBBE00559310 /* XCTest.framework in Frameworks */,
				85F3A9C5193CFBBF00559310 /* UIKit.framework in Frameworks */,
				85F3A9C4193CFBBF00559310 /* Foundation.framework in Frameworks */,
			);
			runOnlyForDeploymentPostprocessing = 0;
		};
/* End PBXFrameworksBuildPhase section */

/* Begin PBXGroup section */
		85F3A997193CFBBE00559310 = {
			isa = PBXGroup;
			children = (
				85F3A9A9193CFBBE00559310 /* PictureShare */,
				85F3A9C8193CFBBF00559310 /* PictureShareTests */,
				85F3A9A2193CFBBE00559310 /* Frameworks */,
				85F3A9A1193CFBBE00559310 /* Products */,
			);
			sourceTree = "<group>";
		};
		85F3A9A1193CFBBE00559310 /* Products */ = {
			isa = PBXGroup;
			children = (
				85F3A9A0193CFBBE00559310 /* PictureShare.app */,
				85F3A9C1193CFBBE00559310 /* PictureShareTests.xctest */,
			);
			name = Products;
			sourceTree = "<group>";
		};
		85F3A9A2193CFBBE00559310 /* Frameworks */ = {
			isa = PBXGroup;
			children = (
				85F3A9A3193CFBBE00559310 /* Foundation.framework */,
				85F3A9A5193CFBBE00559310 /* CoreGraphics.framework */,
				85F3A9A7193CFBBE00559310 /* UIKit.framework */,
				85F3A9C2193CFBBE00559310 /* XCTest.framework */,
			);
			name = Frameworks;
			sourceTree = "<group>";
		};
		85F3A9A9193CFBBE00559310 /* PictureShare */ = {
			isa = PBXGroup;
			children = (
				85F3A9B2193CFBBE00559310 /* AppDelegate.h */,
				85F3A9B3193CFBBE00559310 /* AppDelegate.m */,
				85F3A9B5193CFBBE00559310 /* Main.storyboard */,
				85F3A9B8193CFBBE00559310 /* ViewController.h */,
				85F3A9B9193CFBBE00559310 /* ViewController.m */,
				85F3A9BB193CFBBE00559310 /* Images.xcassets */,
				85F3A9AA193CFBBE00559310 /* Supporting Files */,
			);
			path = PictureShare;
			sourceTree = "<group>";
		};
		85F3A9AA193CFBBE00559310 /* Supporting Files */ = {
			isa = PBXGroup;
			children = (
				85F3A9AB193CFBBE00559310 /* PictureShare-Info.plist */,
				85F3A9AC193CFBBE00559310 /* InfoPlist.strings */,
				85F3A9AF193CFBBE00559310 /* main.m */,
				85F3A9B1193CFBBE00559310 /* PictureShare-Prefix.pch */,
			);
			name = "Supporting Files";
			sourceTree = "<group>";
		};
		85F3A9C8193CFBBF00559310 /* PictureShareTests */ = {
			isa = PBXGroup;
			children = (
				85F3A9CE193CFBBF00559310 /* PictureShareTests.m */,
				85F3A9C9193CFBBF00559310 /* Supporting Files */,
			);
			path = PictureShareTests;
			sourceTree = "<group>";
		};
		85F3A9C9193CFBBF00559310 /* Supporting Files */ = {
			isa = PBXGroup;
			children = (
				85F3A9CA193CFBBF00559310 /* PictureShareTests-Info.plist */,
				85F3A9CB193CFBBF00559310 /* InfoPlist.strings */,
			);
			name = "Supporting Files";
			sourceTree = "<group>";
		};
/* End PBXGroup section */

/* Begin PBXNativeTarget section */
		85F3A99F193CFBBE00559310 /* PictureShare */ = {
			isa = PBXNativeTarget;
			buildConfigurationList = 85F3A9D2193CFBBF00559310 /* Build configuration list for PBXNativeTarget "PictureShare" */;
			buildPhases = (
				85F3A99C193CFBBE00559310 /* Sources */,
				85F3A99D193CFBBE00559310 /* Frameworks */,
				85F3A99E193CFBBE00559310 /* Resources */,
			);
			buildRules = (
			);
			dependencies = (
			);
			name = PictureShare;
			productName = PictureShare;
			productReference = 85F3A9A0193CFBBE00559310 /* PictureShare.app */;
			productType = "com.apple.product-type.application";
		};
		85F3A9C0193CFBBE00559310 /* PictureShareTests */ = {
			isa = PBXNativeTarget;
			buildConfigurationList = 85F3A9D5193CFBBF00559310 /* Build configuration list for PBXNativeTarget "PictureShareTests" */;
			buildPhases = (
				85F3A9BD193CFBBE00559310 /* Sources */,
				85F3A9BE193CFBBE00559310 /* Frameworks */,
				85F3A9BF193CFBBE00559310 /* Resources */,
			);
			buildRules = (
			);
			dependencies = (
				85F3A9C7193CFBBF00559310 /* PBXTargetDependency */,
			);
			name = PictureShareTests;
			productName = PictureShareTests;
			productReference = 85F3A9C1193CFBBE00559310 /* PictureShareTests.xctest */;
			productType = "com.apple.product-type.bundle.unit-test";
		};
/* End PBXNativeTarget section */

/* Begin PBXProject section */
		85F3A998193CFBBE00559310 /* Project object */ = {
			isa = PBXProject;
			attributes = {
				LastUpgradeCheck = 0510;
				ORGANIZATIONNAME = "Drexel University";
				TargetAttributes = {
					85F3A9C0193CFBBE00559310 = {
						TestTargetID = 85F3A99F193CFBBE00559310;
					};
				};
			};
			buildConfigurationList = 85F3A99B193CFBBE00559310 /* Build configuration list for PBXProject "PictureShare" */;
			compatibilityVersion = "Xcode 3.2";
			developmentRegion = English;
			hasScannedForEncodings = 0;
			knownRegions = (
				en,
				Base,
			);
			mainGroup = 85F3A997193CFBBE00559310;
			productRefGroup = 85F3A9A1193CFBBE00559310 /* Products */;
			projectDirPath = "";
			projectRoot = "";
			targets = (
				85F3A99F193CFBBE00559310 /* PictureShare */,
				85F3A9C0193CFBBE00559310 /* PictureShareTests */,
			);
		};
/* End PBXProject section */

/* Begin PBXResourcesBuildPhase section */
		85F3A99E193CFBBE00559310 /* Resources */ = {
			isa = PBXResourcesBuildPhase;
			buildActionMask = 2147483647;
			files = (
				85F3A9BC193CFBBE00559310 /* Images.xcassets in Resources */,
				85F3A9AE193CFBBE00559310 /* InfoPlist.strings in Resources */,
				85F3A9B7193CFBBE00559310 /* Main.storyboard in Resources */,
			);
			runOnlyForDeploymentPostprocessing = 0;
		};
		85F3A9BF193CFBBE00559310 /* Resources */ = {
			isa = PBXResourcesBuildPhase;
			buildActionMask = 2147483647;
			files = (
				85F3A9CD193CFBBF00559310 /* InfoPlist.strings in Resources */,
			);
			runOnlyForDeploymentPostprocessing = 0;
		};
/* End PBXResourcesBuildPhase section */

/* Begin PBXSourcesBuildPhase section */
		85F3A99C193CFBBE00559310 /* Sources */ = {
			isa = PBXSourcesBuildPhase;
			buildActionMask = 2147483647;
			files = (
				85F3A9BA193CFBBE00559310 /* ViewController.m in Sources */,
				85F3A9B4193CFBBE00559310 /* AppDelegate.m in Sources */,
				85F3A9B0193CFBBE00559310 /* main.m in Sources */,
			);
			runOnlyForDeploymentPostprocessing = 0;
		};
		85F3A9BD193CFBBE00559310 /* Sources */ = {
			isa = PBXSourcesBuildPhase;
			buildActionMask = 2147483647;
			files = (
				85F3A9CF193CFBBF00559310 /* PictureShareTests.m in Sources */,
			);
			runOnlyForDeploymentPostprocessing = 0;
		};
/* End PBXSourcesBuildPhase section */

/* Begin PBXTargetDependency section */
		85F3A9C7193CFBBF00559310 /* PBXTargetDependency */ = {
			isa = PBXTargetDependency;
			target = 85F3A99F193CFBBE00559310 /* PictureShare */;
			targetProxy = 85F3A9C6193CFBBF00559310 /* PBXContainerItemProxy */;
		};
/* End PBXTargetDependency section */

/* Begin PBXVariantGroup section */
		85F3A9AC193CFBBE00559310 /* InfoPlist.strings */ = {
			isa = PBXVariantGroup;
			children = (
				85F3A9AD193CFBBE00559310 /* en */,
			);
			name = InfoPlist.strings;
			sourceTree = "<group>";
		};
		85F3A9B5193CFBBE00559310 /* Main.storyboard */ = {
			isa = PBXVariantGroup;
			children = (
				85F3A9B6193CFBBE00559310 /* Base */,
			);
			name = Main.storyboard;
			sourceTree = "<group>";
		};
		85F3A9CB193CFBBF00559310 /* InfoPlist.strings */ = {
			isa = PBXVariantGroup;
			children = (
				85F3A9CC193CFBBF00559310 /* en */,
			);
			name = InfoPlist.strings;
			sourceTree = "<group>";
		};
/* End PBXVariantGroup section */

/* Begin XCBuildConfiguration section */
		85F3A9D0193CFBBF00559310 /* Debug */ = {
			isa = XCBuildConfiguration;
			buildSettings = {
				ALWAYS_SEARCH_USER_PATHS = NO;
				CLANG_CXX_LANGUAGE_STANDARD = "gnu++0x";
				CLANG_CXX_LIBRARY = "libc++";
				CLANG_ENABLE_MODULES = YES;
				CLANG_ENABLE_OBJC_ARC = YES;
				CLANG_WARN_BOOL_CONVERSION = YES;
				CLANG_WARN_CONSTANT_CONVERSION = YES;
				CLANG_WARN_DIRECT_OBJC_ISA_USAGE = YES_ERROR;
				CLANG_WARN_EMPTY_BODY = YES;
				CLANG_WARN_ENUM_CONVERSION = YES;
				CLANG_WARN_INT_CONVERSION = YES;
				CLANG_WARN_OBJC_ROOT_CLASS = YES_ERROR;
				CLANG_WARN__DUPLICATE_METHOD_MATCH = YES;
				"CODE_SIGN_IDENTITY[sdk=iphoneos*]" = "iPhone Developer";
				COPY_PHASE_STRIP = NO;
				GCC_C_LANGUAGE_STANDARD = gnu99;
				GCC_DYNAMIC_NO_PIC = NO;
				GCC_OPTIMIZATION_LEVEL = 0;
				GCC_PREPROCESSOR_DEFINITIONS = (
					"DEBUG=1",
					"$(inherited)",
				);
				GCC_SYMBOLS_PRIVATE_EXTERN = NO;
				GCC_WARN_64_TO_32_BIT_CONVERSION = YES;
				GCC_WARN_ABOUT_RETURN_TYPE = YES_ERROR;
				GCC_WARN_UNDECLARED_SELECTOR = YES;
				GCC_WARN_UNINITIALIZED_AUTOS = YES_AGGRESSIVE;
				GCC_WARN_UNUSED_FUNCTION = YES;
				GCC_WARN_UNUSED_VARIABLE = YES;
				IPHONEOS_DEPLOYMENT_TARGET = 7.1;
				ONLY_ACTIVE_ARCH = YES;
				SDKROOT = iphoneos;
			};
			name = Debug;
		};
		85F3A9D1193CFBBF00559310 /* Release */ = {
			isa = XCBuildConfiguration;
			buildSettings = {
				ALWAYS_SEARCH_USER_PATHS = NO;
				CLANG_CXX_LANGUAGE_STANDARD = "gnu++0x";
				CLANG_CXX_LIBRARY = "libc++";
				CLANG_ENABLE_MODULES = YES;
				CLANG_ENABLE_OBJC_ARC = YES;
				CLANG_WARN_BOOL_CONVERSION = YES;
				CLANG_WARN_CONSTANT_CONVERSION = YES;
				CLANG_WARN_DIRECT_OBJC_ISA_USAGE = YES_ERROR;
				CLANG_WARN_EMPTY_BODY = YES;
				CLANG_WARN_ENUM_CONVERSION = YES;
				CLANG_WARN_INT_CONVERSION = YES;
				CLANG_WARN_OBJC_ROOT_CLASS = YES_ERROR;
				CLANG_WARN__DUPLICATE_METHOD_MATCH = YES;
				"CODE_SIGN_IDENTITY[sdk=iphoneos*]" = "iPhone Developer";
				COPY_PHASE_STRIP = YES;
				ENABLE_NS_ASSERTIONS = NO;
				GCC_C_LANGUAGE_STANDARD = gnu99;
				GCC_WARN_64_TO_32_BIT_CONVERSION = YES;
				GCC_WARN_ABOUT_RETURN_TYPE = YES_ERROR;
				GCC_WARN_UNDECLARED_SELECTOR = YES;
				GCC_WARN_UNINITIALIZED_AUTOS = YES_AGGRESSIVE;
				GCC_WARN_UNUSED_FUNCTION = YES;
				GCC_WARN_UNUSED_VARIABLE = YES;
				IPHONEOS_DEPLOYMENT_TARGET = 7.1;
				SDKROOT = iphoneos;
				VALIDATE_PRODUCT = YES;
			};
			name = Release;
		};
		85F3A9D3193CFBBF00559310 /* Debug */ = {
			isa = XCBuildConfiguration;
			buildSettings = {
				ASSETCATALOG_COMPILER_APPICON_NAME = AppIcon;
				ASSETCATALOG_COMPILER_LAUNCHIMAGE_NAME = LaunchImage;
				GCC_PRECOMPILE_PREFIX_HEADER = YES;
				GCC_PREFIX_HEADER = "PictureShare/PictureShare-Prefix.pch";
				INFOPLIST_FILE = "PictureShare/PictureShare-Info.plist";
				PRODUCT_NAME = "$(TARGET_NAME)";
				WRAPPER_EXTENSION = app;
			};
			name = Debug;
		};
		85F3A9D4193CFBBF00559310 /* Release */ = {
			isa = XCBuildConfiguration;
			buildSettings = {
				ASSETCATALOG_COMPILER_APPICON_NAME = AppIcon;
				ASSETCATALOG_COMPILER_LAUNCHIMAGE_NAME = LaunchImage;
				GCC_PRECOMPILE_PREFIX_HEADER = YES;
				GCC_PREFIX_HEADER = "PictureShare/PictureShare-Prefix.pch";
				INFOPLIST_FILE = "PictureShare/PictureShare-Info.plist";
				PRODUCT_NAME = "$(TARGET_NAME)";
				WRAPPER_EXTENSION = app;
			};
			name = Release;
		};
		85F3A9D6193CFBBF00559310 /* Debug */ = {
			isa = XCBuildConfiguration;
			buildSettings = {
				BUNDLE_LOADER = "$(BUILT_PRODUCTS_DIR)/PictureShare.app/PictureShare";
				FRAMEWORK_SEARCH_PATHS = (
					"$(SDKROOT)/Developer/Library/Frameworks",
					"$(inherited)",
					"$(DEVELOPER_FRAMEWORKS_DIR)",
				);
				GCC_PRECOMPILE_PREFIX_HEADER = YES;
				GCC_PREFIX_HEADER = "PictureShare/PictureShare-Prefix.pch";
				GCC_PREPROCESSOR_DEFINITIONS = (
					"DEBUG=1",
					"$(inherited)",
				);
				INFOPLIST_FILE = "PictureShareTests/PictureShareTests-Info.plist";
				PRODUCT_NAME = "$(TARGET_NAME)";
				TEST_HOST = "$(BUNDLE_LOADER)";
				WRAPPER_EXTENSION = xctest;
			};
			name = Debug;
		};
		85F3A9D7193CFBBF00559310 /* Release */ = {
			isa = XCBuildConfiguration;
			buildSettings = {
				BUNDLE_LOADER = "$(BUILT_PRODUCTS_DIR)/PictureShare.app/PictureShare";
				FRAMEWORK_SEARCH_PATHS = (
					"$(SDKROOT)/Developer/Library/Frameworks",
					"$(inherited)",
					"$(DEVELOPER_FRAMEWORKS_DIR)",
				);
				GCC_PRECOMPILE_PREFIX_HEADER = YES;
				GCC_PREFIX_HEADER = "PictureShare/PictureShare-Prefix.pch";
				INFOPLIST_FILE = "PictureShareTests/PictureShareTests-Info.plist";
				PRODUCT_NAME = "$(TARGET_NAME)";
				TEST_HOST = "$(BUNDLE_LOADER)";
				WRAPPER_EXTENSION = xctest;
			};
			name = Release;
		};
/* End XCBuildConfiguration section */

/* Begin XCConfigurationList section */
		85F3A99B193CFBBE00559310 /* Build configuration list for PBXProject "PictureShare" */ = {
			isa = XCConfigurationList;
			buildConfigurations = (
				85F3A9D0193CFBBF00559310 /* Debug */,
				85F3A9D1193CFBBF00559310 /* Release */,
			);
			defaultConfigurationIsVisible = 0;
			defaultConfigurationName = Release;
		};
		85F3A9D2193CFBBF00559310 /* Build configuration list for PBXNativeTarget "PictureShare" */ = {
			isa = XCConfigurationList;
			buildConfigurations = (
				85F3A9D3193CFBBF00559310 /* Debug */,
				85F3A9D4193CFBBF00559310 /* Release */,
			);
			defaultConfigurationIsVisible = 0;
		};
		85F3A9D5193CFBBF00559310 /* Build configuration list for PBXNativeTarget "PictureShareTests" */ = {
			isa = XCConfigurationList;
			buildConfigurations = (
				85F3A9D6193CFBBF00559310 /* Debug */,
				85F3A9D7193CFBBF00559310 /* Release */,
			);
			defaultConfigurationIsVisible = 0;
		};
/* End XCConfigurationList section */
	};
	rootObject = 85F3A998193CFBBE00559310 /* Project object */;
}
